
Microsoft Visual Studio Solution File, Format Version 12.00
# Visual Studio Version 17
VisualStudioVersion = 17.13.35825.156
MinimumVisualStudioVersion = 10.0.40219.1
Project("{FAE04EC0-301F-11D3-BF4B-00C04F79EFBC}") = "MonoGame.RuntimeBuilder", "MonoGame.RuntimeBuilder\MonoGame.RuntimeBuilder.csproj", "{BE81DED3-52BA-4158-BAAB-5A915A7766C5}"
EndProject
Project("{FAE04EC0-301F-11D3-BF4B-00C04F79EFBC}") = "MonoGame.RuntimeBuilder.Sample", "MonoGame.RuntimeBuilder.Sample\MonoGame.RuntimeBuilder.Sample.csproj", "{0EB1B7F8-2D91-4221-8971-744BD495FC15}"
EndProject
Global
	GlobalSection(SolutionConfigurationPlatforms) = preSolution
		Debug|Any CPU = Debug|Any CPU
		Debug|x64 = Debug|x64
		Release|Any CPU = Release|Any CPU
		Release|x64 = Release|x64
	EndGlobalSection
	GlobalSection(ProjectConfigurationPlatforms) = postSolution
		{BE81DED3-52BA-4158-BAAB-5A915A7766C5}.Debug|Any CPU.ActiveCfg = Debug|Any CPU
		{BE81DED3-52BA-4158-BAAB-5A915A7766C5}.Debug|Any CPU.Build.0 = Debug|Any CPU
		{BE81DED3-52BA-4158-BAAB-5A915A7766C5}.Debug|x64.ActiveCfg = Debug|Any CPU
		{BE81DED3-52BA-4158-BAAB-5A915A7766C5}.Debug|x64.Build.0 = Debug|Any CPU
		{BE81DED3-52BA-4158-BAAB-5A915A7766C5}.Release|Any CPU.ActiveCfg = Release|Any CPU
		{BE81DED3-52BA-4158-BAAB-5A915A7766C5}.Release|Any CPU.Build.0 = Release|Any CPU
		{BE81DED3-52BA-4158-BAAB-5A915A7766C5}.Release|x64.ActiveCfg = Release|Any CPU
		{BE81DED3-52BA-4158-BAAB-5A915A7766C5}.Release|x64.Build.0 = Release|Any CPU
		{0EB1B7F8-2D91-4221-8971-744BD495FC15}.Debug|Any CPU.ActiveCfg = Debug|Any CPU
		{0EB1B7F8-2D91-4221-8971-744BD495FC15}.Debug|Any CPU.Build.0 = Debug|Any CPU
		{0EB1B7F8-2D91-4221-8971-744BD495FC15}.Debug|x64.ActiveCfg = Debug|Any CPU
		{0EB1B7F8-2D91-4221-8971-744BD495FC15}.Debug|x64.Build.0 = Debug|Any CPU
		{0EB1B7F8-2D91-4221-8971-744BD495FC15}.Release|Any CPU.ActiveCfg = Release|Any CPU
		{0EB1B7F8-2D91-4221-8971-744BD495FC15}.Release|Any CPU.Build.0 = Release|Any CPU
		{0EB1B7F8-2D91-4221-8971-744BD495FC15}.Release|x64.ActiveCfg = Release|Any CPU
		{0EB1B7F8-2D91-4221-8971-744BD495FC15}.Release|x64.Build.0 = Release|Any CPU
	EndGlobalSection
	GlobalSection(SolutionProperties) = preSolution
		HideSolutionNode = FALSE
	EndGlobalSection
	GlobalSection(ExtensibilityGlobals) = postSolution
		SolutionGuid = {ADB362D0-E34C-4E66-854D-FD7A900A79A1}
	EndGlobalSection
EndGlobal
