
Microsoft Visual Studio Solution File, Format Version 12.00
# Visual Studio 15
VisualStudioVersion = 15.0.28307.329
MinimumVisualStudioVersion = 10.0.40219.1
Project("{FAE04EC0-301F-11D3-BF4B-00C04F79EFBC}") = "MonoGame.RuntimeBuilder", "MonoGame.RuntimeBuilder\MonoGame.RuntimeBuilder.csproj", "{F6A7754B-CB3D-4AE6-ABEF-D877BCD03EBD}"
EndProject
Project("{FAE04EC0-301F-11D3-BF4B-00C04F79EFBC}") = "MonoGame.RuntimeBuilder.Sample", "MonoGame.RuntimeBuilder.Sample\MonoGame.RuntimeBuilder.Sample.csproj", "{1A7EB875-FFC6-4E0A-95D0-B4F465EA1870}"
EndProject
Global
	GlobalSection(SolutionConfigurationPlatforms) = preSolution
		Debug|Any CPU = Debug|Any CPU
		Debug|x64 = Debug|x64
		Release|Any CPU = Release|Any CPU
		Release|x64 = Release|x64
	EndGlobalSection
	GlobalSection(ProjectConfigurationPlatforms) = postSolution
		{F6A7754B-CB3D-4AE6-ABEF-D877BCD03EBD}.Debug|Any CPU.ActiveCfg = Debug|x64
		{F6A7754B-CB3D-4AE6-ABEF-D877BCD03EBD}.Debug|x64.ActiveCfg = Debug|x64
		{F6A7754B-CB3D-4AE6-ABEF-D877BCD03EBD}.Debug|x64.Build.0 = Debug|x64
		{F6A7754B-CB3D-4AE6-ABEF-D877BCD03EBD}.Release|Any CPU.ActiveCfg = Release|x64
		{F6A7754B-CB3D-4AE6-ABEF-D877BCD03EBD}.Release|x64.ActiveCfg = Release|x64
		{F6A7754B-CB3D-4AE6-ABEF-D877BCD03EBD}.Release|x64.Build.0 = Release|x64
		{1A7EB875-FFC6-4E0A-95D0-B4F465EA1870}.Debug|Any CPU.ActiveCfg = Debug|Any CPU
		{1A7EB875-FFC6-4E0A-95D0-B4F465EA1870}.Debug|Any CPU.Build.0 = Debug|Any CPU
		{1A7EB875-FFC6-4E0A-95D0-B4F465EA1870}.Debug|x64.ActiveCfg = Debug|x64
		{1A7EB875-FFC6-4E0A-95D0-B4F465EA1870}.Debug|x64.Build.0 = Debug|x64
		{1A7EB875-FFC6-4E0A-95D0-B4F465EA1870}.Release|Any CPU.ActiveCfg = Release|Any CPU
		{1A7EB875-FFC6-4E0A-95D0-B4F465EA1870}.Release|Any CPU.Build.0 = Release|Any CPU
		{1A7EB875-FFC6-4E0A-95D0-B4F465EA1870}.Release|x64.ActiveCfg = Release|x64
		{1A7EB875-FFC6-4E0A-95D0-B4F465EA1870}.Release|x64.Build.0 = Release|x64
	EndGlobalSection
	GlobalSection(SolutionProperties) = preSolution
		HideSolutionNode = FALSE
	EndGlobalSection
	GlobalSection(ExtensibilityGlobals) = postSolution
		SolutionGuid = {ADB362D0-E34C-4E66-854D-FD7A900A79A1}
	EndGlobalSection
EndGlobal
